
Microsoft Visual Studio Solution File, Format Version 12.00
# Visual Studio Version 17
VisualStudioVersion = 17.2.32516.85
MinimumVisualStudioVersion = 10.0.40219.1
Project("{FAE04EC0-301F-11D3-BF4B-00C04F79EFBC}") = "WebApiAjax", "WebApiAjax\WebApiAjax.csproj", "{6F1258AC-F42A-4FEC-9D09-80195EBAA141}"
EndProject
Global
	GlobalSection(SolutionConfigurationPlatforms) = preSolution
		Debug|Any CPU = Debug|Any CPU
		Release|Any CPU = Release|Any CPU
	EndGlobalSection
	GlobalSection(ProjectConfigurationPlatforms) = postSolution
		{6F1258AC-F42A-4FEC-9D09-80195EBAA141}.Debug|Any CPU.ActiveCfg = Debug|Any CPU
		{6F1258AC-F42A-4FEC-9D09-80195EBAA141}.Debug|Any CPU.Build.0 = Debug|Any CPU
		{6F1258AC-F42A-4FEC-9D09-80195EBAA141}.Release|Any CPU.ActiveCfg = Release|Any CPU
		{6F1258AC-F42A-4FEC-9D09-80195EBAA141}.Release|Any CPU.Build.0 = Release|Any CPU
	EndGlobalSection
	GlobalSection(SolutionProperties) = preSolution
		HideSolutionNode = FALSE
	EndGlobalSection
	GlobalSection(ExtensibilityGlobals) = postSolution
		SolutionGuid = {6394DFA4-D7C3-45B7-89B9-7A0F681EE490}
	EndGlobalSection
EndGlobal
